
Microsoft Visual Studio Solution File, Format Version 12.00
# Visual Studio Version 17
VisualStudioVersion = 17.0.31912.275
MinimumVisualStudioVersion = 10.0.40219.1
Project("{FAE04EC0-301F-11D3-BF4B-00C04F79EFBC}") = "UdemyCompleteCsharp17", "UdemyCompleteCsharp17\UdemyCompleteCsharp17.csproj", "{0716CFF1-9069-4112-8003-5E3B19B7FBD4}"
EndProject
Global
	GlobalSection(SolutionConfigurationPlatforms) = preSolution
		Debug|Any CPU = Debug|Any CPU
		Release|Any CPU = Release|Any CPU
	EndGlobalSection
	GlobalSection(ProjectConfigurationPlatforms) = postSolution
		{0716CFF1-9069-4112-8003-5E3B19B7FBD4}.Debug|Any CPU.ActiveCfg = Debug|Any CPU
		{0716CFF1-9069-4112-8003-5E3B19B7FBD4}.Debug|Any CPU.Build.0 = Debug|Any CPU
		{0716CFF1-9069-4112-8003-5E3B19B7FBD4}.Release|Any CPU.ActiveCfg = Release|Any CPU
		{0716CFF1-9069-4112-8003-5E3B19B7FBD4}.Release|Any CPU.Build.0 = Release|Any CPU
	EndGlobalSection
	GlobalSection(SolutionProperties) = preSolution
		HideSolutionNode = FALSE
	EndGlobalSection
	GlobalSection(ExtensibilityGlobals) = postSolution
		SolutionGuid = {D3D66742-AEB3-42A4-9CAE-6DC586301759}
	EndGlobalSection
EndGlobal
